
Microsoft Visual Studio Solution File, Format Version 12.00
# Visual Studio 2012
Project("{FAE04EC0-301F-11D3-BF4B-00C04F79EFBC}") = "KonnectNow.Entity", "KonnectNow.Entity\KonnectNow.Entity.csproj", "{44888384-B4E2-4DD1-9F5E-76A024E9DE58}"
EndProject
Project("{FAE04EC0-301F-11D3-BF4B-00C04F79EFBC}") = "KonnectNow.Repository", "KonnectNow.Repository\KonnectNow.Repository.csproj", "{C98D1049-CB6F-44AB-BD86-3473F94F3149}"
EndProject
Project("{FAE04EC0-301F-11D3-BF4B-00C04F79EFBC}") = "KonnectNow.WebAPI", "KonnectNow.WebAPI\KonnectNow.WebAPI.csproj", "{B12DF3EC-9524-4CCD-A419-8BF4E7587A4F}"
EndProject
Project("{FAE04EC0-301F-11D3-BF4B-00C04F79EFBC}") = "KonnectNow.Common", "KonnectNow.Common\KonnectNow.Common.csproj", "{599361C1-ED46-4CF4-9E61-97AFF9142E3A}"
EndProject
Global
	GlobalSection(SolutionConfigurationPlatforms) = preSolution
		Debug|Any CPU = Debug|Any CPU
		Release|Any CPU = Release|Any CPU
	EndGlobalSection
	GlobalSection(ProjectConfigurationPlatforms) = postSolution
		{44888384-B4E2-4DD1-9F5E-76A024E9DE58}.Debug|Any CPU.ActiveCfg = Debug|Any CPU
		{44888384-B4E2-4DD1-9F5E-76A024E9DE58}.Debug|Any CPU.Build.0 = Debug|Any CPU
		{44888384-B4E2-4DD1-9F5E-76A024E9DE58}.Release|Any CPU.ActiveCfg = Release|Any CPU
		{44888384-B4E2-4DD1-9F5E-76A024E9DE58}.Release|Any CPU.Build.0 = Release|Any CPU
		{C98D1049-CB6F-44AB-BD86-3473F94F3149}.Debug|Any CPU.ActiveCfg = Debug|Any CPU
		{C98D1049-CB6F-44AB-BD86-3473F94F3149}.Debug|Any CPU.Build.0 = Debug|Any CPU
		{C98D1049-CB6F-44AB-BD86-3473F94F3149}.Release|Any CPU.ActiveCfg = Release|Any CPU
		{C98D1049-CB6F-44AB-BD86-3473F94F3149}.Release|Any CPU.Build.0 = Release|Any CPU
		{B12DF3EC-9524-4CCD-A419-8BF4E7587A4F}.Debug|Any CPU.ActiveCfg = Debug|Any CPU
		{B12DF3EC-9524-4CCD-A419-8BF4E7587A4F}.Debug|Any CPU.Build.0 = Debug|Any CPU
		{B12DF3EC-9524-4CCD-A419-8BF4E7587A4F}.Release|Any CPU.ActiveCfg = Release|Any CPU
		{B12DF3EC-9524-4CCD-A419-8BF4E7587A4F}.Release|Any CPU.Build.0 = Release|Any CPU
		{599361C1-ED46-4CF4-9E61-97AFF9142E3A}.Debug|Any CPU.ActiveCfg = Debug|Any CPU
		{599361C1-ED46-4CF4-9E61-97AFF9142E3A}.Debug|Any CPU.Build.0 = Debug|Any CPU
		{599361C1-ED46-4CF4-9E61-97AFF9142E3A}.Release|Any CPU.ActiveCfg = Release|Any CPU
		{599361C1-ED46-4CF4-9E61-97AFF9142E3A}.Release|Any CPU.Build.0 = Release|Any CPU
	EndGlobalSection
	GlobalSection(SolutionProperties) = preSolution
		HideSolutionNode = FALSE
	EndGlobalSection
EndGlobal
